
Microsoft Visual Studio Solution File, Format Version 12.00
# Visual Studio 2013
VisualStudioVersion = 12.0.31101.0
MinimumVisualStudioVersion = 10.0.40219.1
Project("{FAE04EC0-301F-11D3-BF4B-00C04F79EFBC}") = "VideoDownload", "VideoDownload\VideoDownload.csproj", "{4AD0FFA7-0145-4D42-A0D9-FB8CD742C5D9}"
EndProject
Project("{FAE04EC0-301F-11D3-BF4B-00C04F79EFBC}") = "ClassLibrary", "ClassLibrary\ClassLibrary.csproj", "{9EF96CBC-696A-4941-AAEB-8C084C326159}"
EndProject
Project("{FAE04EC0-301F-11D3-BF4B-00C04F79EFBC}") = "DownloadGui", "DownloadGui\DownloadGui.csproj", "{F705DAE7-897D-414F-92FB-13425BE80272}"
EndProject
Global
	GlobalSection(SolutionConfigurationPlatforms) = preSolution
		Debug|Any CPU = Debug|Any CPU
		Release|Any CPU = Release|Any CPU
	EndGlobalSection
	GlobalSection(ProjectConfigurationPlatforms) = postSolution
		{4AD0FFA7-0145-4D42-A0D9-FB8CD742C5D9}.Debug|Any CPU.ActiveCfg = Debug|Any CPU
		{4AD0FFA7-0145-4D42-A0D9-FB8CD742C5D9}.Debug|Any CPU.Build.0 = Debug|Any CPU
		{4AD0FFA7-0145-4D42-A0D9-FB8CD742C5D9}.Release|Any CPU.ActiveCfg = Release|Any CPU
		{4AD0FFA7-0145-4D42-A0D9-FB8CD742C5D9}.Release|Any CPU.Build.0 = Release|Any CPU
		{9EF96CBC-696A-4941-AAEB-8C084C326159}.Debug|Any CPU.ActiveCfg = Debug|Any CPU
		{9EF96CBC-696A-4941-AAEB-8C084C326159}.Debug|Any CPU.Build.0 = Debug|Any CPU
		{9EF96CBC-696A-4941-AAEB-8C084C326159}.Release|Any CPU.ActiveCfg = Release|Any CPU
		{9EF96CBC-696A-4941-AAEB-8C084C326159}.Release|Any CPU.Build.0 = Release|Any CPU
		{F705DAE7-897D-414F-92FB-13425BE80272}.Debug|Any CPU.ActiveCfg = Debug|Any CPU
		{F705DAE7-897D-414F-92FB-13425BE80272}.Debug|Any CPU.Build.0 = Debug|Any CPU
		{F705DAE7-897D-414F-92FB-13425BE80272}.Release|Any CPU.ActiveCfg = Release|Any CPU
		{F705DAE7-897D-414F-92FB-13425BE80272}.Release|Any CPU.Build.0 = Release|Any CPU
	EndGlobalSection
	GlobalSection(SolutionProperties) = preSolution
		HideSolutionNode = FALSE
	EndGlobalSection
EndGlobal
