
Microsoft Visual Studio Solution File, Format Version 12.00
# Visual Studio 2013
VisualStudioVersion = 12.0.31101.0
MinimumVisualStudioVersion = 10.0.40219.1
Project("{FAE04EC0-301F-11D3-BF4B-00C04F79EFBC}") = "YouTubeDownload", "YouTubeDownload\YouTubeDownload.csproj", "{7F3E0ADC-BD26-4E9C-A639-A786215EEA9F}"
EndProject
Project("{FAE04EC0-301F-11D3-BF4B-00C04F79EFBC}") = "WebApplication1", "WebApplication1\WebApplication1.csproj", "{8D51B008-376D-4409-AFC8-F2601B194A7D}"
EndProject
Project("{FAE04EC0-301F-11D3-BF4B-00C04F79EFBC}") = "MVCApp", "MVCApp\MVCApp.csproj", "{4BB2F586-228F-429C-99BF-FEF2C2009BFB}"
EndProject
Project("{FAE04EC0-301F-11D3-BF4B-00C04F79EFBC}") = "ClassLibrary1", "ClassLibrary1\ClassLibrary1.csproj", "{12A645EE-005D-4326-B823-6A50946F663C}"
EndProject
Project("{FAE04EC0-301F-11D3-BF4B-00C04F79EFBC}") = "Downloader", "Downloader\Downloader.csproj", "{9700A65C-1C5A-480B-8658-839BDE2B3DD1}"
EndProject
Project("{FAE04EC0-301F-11D3-BF4B-00C04F79EFBC}") = "VideoDownload", "VideoDownload\VideoDownload.csproj", "{4AD0FFA7-0145-4D42-A0D9-FB8CD742C5D9}"
EndProject
Global
	GlobalSection(SolutionConfigurationPlatforms) = preSolution
		Debug|Any CPU = Debug|Any CPU
		Release|Any CPU = Release|Any CPU
	EndGlobalSection
	GlobalSection(ProjectConfigurationPlatforms) = postSolution
		{7F3E0ADC-BD26-4E9C-A639-A786215EEA9F}.Debug|Any CPU.ActiveCfg = Debug|Any CPU
		{7F3E0ADC-BD26-4E9C-A639-A786215EEA9F}.Debug|Any CPU.Build.0 = Debug|Any CPU
		{7F3E0ADC-BD26-4E9C-A639-A786215EEA9F}.Release|Any CPU.ActiveCfg = Release|Any CPU
		{7F3E0ADC-BD26-4E9C-A639-A786215EEA9F}.Release|Any CPU.Build.0 = Release|Any CPU
		{8D51B008-376D-4409-AFC8-F2601B194A7D}.Debug|Any CPU.ActiveCfg = Debug|Any CPU
		{8D51B008-376D-4409-AFC8-F2601B194A7D}.Debug|Any CPU.Build.0 = Debug|Any CPU
		{8D51B008-376D-4409-AFC8-F2601B194A7D}.Release|Any CPU.ActiveCfg = Release|Any CPU
		{8D51B008-376D-4409-AFC8-F2601B194A7D}.Release|Any CPU.Build.0 = Release|Any CPU
		{4BB2F586-228F-429C-99BF-FEF2C2009BFB}.Debug|Any CPU.ActiveCfg = Debug|Any CPU
		{4BB2F586-228F-429C-99BF-FEF2C2009BFB}.Debug|Any CPU.Build.0 = Debug|Any CPU
		{4BB2F586-228F-429C-99BF-FEF2C2009BFB}.Release|Any CPU.ActiveCfg = Release|Any CPU
		{4BB2F586-228F-429C-99BF-FEF2C2009BFB}.Release|Any CPU.Build.0 = Release|Any CPU
		{12A645EE-005D-4326-B823-6A50946F663C}.Debug|Any CPU.ActiveCfg = Debug|Any CPU
		{12A645EE-005D-4326-B823-6A50946F663C}.Debug|Any CPU.Build.0 = Debug|Any CPU
		{12A645EE-005D-4326-B823-6A50946F663C}.Release|Any CPU.ActiveCfg = Release|Any CPU
		{12A645EE-005D-4326-B823-6A50946F663C}.Release|Any CPU.Build.0 = Release|Any CPU
		{9700A65C-1C5A-480B-8658-839BDE2B3DD1}.Debug|Any CPU.ActiveCfg = Debug|Any CPU
		{9700A65C-1C5A-480B-8658-839BDE2B3DD1}.Debug|Any CPU.Build.0 = Debug|Any CPU
		{9700A65C-1C5A-480B-8658-839BDE2B3DD1}.Release|Any CPU.ActiveCfg = Release|Any CPU
		{9700A65C-1C5A-480B-8658-839BDE2B3DD1}.Release|Any CPU.Build.0 = Release|Any CPU
		{4AD0FFA7-0145-4D42-A0D9-FB8CD742C5D9}.Debug|Any CPU.ActiveCfg = Debug|Any CPU
		{4AD0FFA7-0145-4D42-A0D9-FB8CD742C5D9}.Debug|Any CPU.Build.0 = Debug|Any CPU
		{4AD0FFA7-0145-4D42-A0D9-FB8CD742C5D9}.Release|Any CPU.ActiveCfg = Release|Any CPU
		{4AD0FFA7-0145-4D42-A0D9-FB8CD742C5D9}.Release|Any CPU.Build.0 = Release|Any CPU
	EndGlobalSection
	GlobalSection(SolutionProperties) = preSolution
		HideSolutionNode = FALSE
	EndGlobalSection
EndGlobal
